PATH
  remote: .
  specs:
    liquify (0.1.0)
      anthropic (~> 0.4)
      diff-lcs (~> 1.5)
      ruby-openai (~> 7.0)

GEM
  remote: https://rubygems.org/
  specs:
    anthropic (0.4.1)
      event_stream_parser (>= 0.3.0, < 2.0.0)
      faraday (>= 1)
      faraday-multipart (>= 1)
    diff-lcs (1.6.2)
    event_stream_parser (1.0.0)
    faraday (2.14.1)
      faraday-net_http (>= 2.0, < 3.5)
      json
      logger
    faraday-multipart (1.2.0)
      multipart-post (~> 2.0)
    faraday-net_http (3.4.2)
      net-http (~> 0.5)
    json (2.19.3)
    logger (1.7.0)
    minitest (5.27.0)
    multipart-post (2.4.1)
    net-http (0.9.1)
      uri (>= 0.11.1)
    ruby-openai (7.4.0)
      event_stream_parser (>= 0.3.0, < 2.0.0)
      faraday (>= 1)
      faraday-multipart (>= 1)
    uri (1.1.1)

PLATFORMS
  x64-mingw-ucrt

DEPENDENCIES
  liquify!
  minitest (~> 5.0)

BUNDLED WITH
   2.6.9
